// !$*UTF8*$!
{
	archiveVersion = 1;
	classes = {
	};
	objectVersion = 50;
	objects = {

/* Begin PBXBuildFile section */
		B54213F823CDE29500AD122F /* AppDelegate.swift in Sources */ = {isa = PBXBuildFile; fileRef = B54213F723CDE29500AD122F /* AppDelegate.swift */; };
		B54213FA23CDE29500AD122F /* SceneDelegate.swift in Sources */ = {isa = PBXBuildFile; fileRef = B54213F923CDE29500AD122F /* SceneDelegate.swift */; };
		B54213FC23CDE29500AD122F /* ViewController.swift in Sources */ = {isa = PBXBuildFile; fileRef = B54213FB23CDE29500AD122F /* ViewController.swift */; };
		B54213FF23CDE29500AD122F /* Main.storyboard in Resources */ = {isa = PBXBuildFile; fileRef = B54213FD23CDE29500AD122F /* Main.storyboard */; };
		B542140123CDE29600AD122F /* Assets.xcassets in Resources */ = {isa = PBXBuildFile; fileRef = B542140023CDE29600AD122F /* Assets.xcassets */; };
		B542140423CDE29600AD122F /* LaunchScreen.storyboard in Resources */ = {isa = PBXBuildFile; fileRef = B542140223CDE29600AD122F /* LaunchScreen.storyboard */; };
		B542141123CDE2E400AD122F /* 06.png in Resources */ = {isa = PBXBuildFile; fileRef = B542140B23CDE2E400AD122F /* 06.png */; };
		B542141223CDE2E400AD122F /* 03.png in Resources */ = {isa = PBXBuildFile; fileRef = B542140C23CDE2E400AD122F /* 03.png */; };
		B542141323CDE2E400AD122F /* 02.png in Resources */ = {isa = PBXBuildFile; fileRef = B542140D23CDE2E400AD122F /* 02.png */; };
		B542141423CDE2E400AD122F /* 04.png in Resources */ = {isa = PBXBuildFile; fileRef = B542140E23CDE2E400AD122F /* 04.png */; };
		B542141523CDE2E400AD122F /* 05.png in Resources */ = {isa = PBXBuildFile; fileRef = B542140F23CDE2E400AD122F /* 05.png */; };
		B542141623CDE2E400AD122F /* 01.png in Resources */ = {isa = PBXBuildFile; fileRef = B542141023CDE2E400AD122F /* 01.png */; };
/* End PBXBuildFile section */

/* Begin PBXFileReference section */
		B54213F423CDE29500AD122F /* PageControl.app */ = {isa = PBXFileReference; explicitFileType = wrapper.application; includeInIndex = 0; path = PageControl.app; sourceTree = BUILT_PRODUCTS_DIR; };
		B54213F723CDE29500AD122F /* AppDelegate.swift */ = {isa = PBXFileReference; lastKnownFileType = sourcecode.swift; path = AppDelegate.swift; sourceTree = "<group>"; };
		B54213F923CDE29500AD122F /* SceneDelegate.swift */ = {isa = PBXFileReference; lastKnownFileType = sourcecode.swift; path = SceneDelegate.swift; sourceTree = "<group>"; };
		B54213FB23CDE29500AD122F /* ViewController.swift */ = {isa = PBXFileReference; lastKnownFileType = sourcecode.swift; path = ViewController.swift; sourceTree = "<group>"; };
		B54213FE23CDE29500AD122F /* Base */ = {isa = PBXFileReference; lastKnownFileType = file.storyboard; name = Base; path = Base.lproj/Main.storyboard; sourceTree = "<group>"; };
		B542140023CDE29600AD122F /* Assets.xcassets */ = {isa = PBXFileReference; lastKnownFileType = folder.assetcatalog; path = Assets.xcassets; sourceTree = "<group>"; };
		B542140323CDE29600AD122F /* Base */ = {isa = PBXFileReference; lastKnownFileType = file.storyboard; name = Base; path = Base.lproj/LaunchScreen.storyboard; sourceTree = "<group>"; };
		B542140523CDE29600AD122F /* Info.plist */ = {isa = PBXFileReference; lastKnownFileType = text.plist.xml; path = Info.plist; sourceTree = "<group>"; };
		B542140B23CDE2E400AD122F /* 06.png */ = {isa = PBXFileReference; lastKnownFileType = image.png; path = 06.png; sourceTree = "<group>"; };
		B542140C23CDE2E400AD122F /* 03.png */ = {isa = PBXFileReference; lastKnownFileType = image.png; path = 03.png; sourceTree = "<group>"; };
		B542140D23CDE2E400AD122F /* 02.png */ = {isa = PBXFileReference; lastKnownFileType = image.png; path = 02.png; sourceTree = "<group>"; };
		B542140E23CDE2E400AD122F /* 04.png */ = {isa = PBXFileReference; lastKnownFileType = image.png; path = 04.png; sourceTree = "<group>"; };
		B542140F23CDE2E400AD122F /* 05.png */ = {isa = PBXFileReference; lastKnownFileType = image.png; path = 05.png; sourceTree = "<group>"; };
		B542141023CDE2E400AD122F /* 01.png */ = {isa = PBXFileReference; lastKnownFileType = image.png; path = 01.png; sourceTree = "<group>"; };
/* End PBXFileReference section */

/* Begin PBXFrameworksBuildPhase section */
		B54213F123CDE29500AD122F /* Frameworks */ = {
			isa = PBXFrameworksBuildPhase;
			buildActionMask = 2147483647;
			files = (
			);
			runOnlyForDeploymentPostprocessing = 0;
		};
/* End PBXFrameworksBuildPhase section */

/* Begin PBXGroup section */
		B54213EB23CDE29500AD122F = {
			isa = PBXGroup;
			children = (
				B54213F623CDE29500AD122F /* PageControl */,
				B54213F523CDE29500AD122F /* Products */,
			);
			sourceTree = "<group>";
		};
		B54213F523CDE29500AD122F /* Products */ = {
			isa = PBXGroup;
			children = (
				B54213F423CDE29500AD122F /* PageControl.app */,
			);
			name = Products;
			sourceTree = "<group>";
		};
		B54213F623CDE29500AD122F /* PageControl */ = {
			isa = PBXGroup;
			children = (
				B542141023CDE2E400AD122F /* 01.png */,
				B542140D23CDE2E400AD122F /* 02.png */,
				B542140C23CDE2E400AD122F /* 03.png */,
				B542140E23CDE2E400AD122F /* 04.png */,
				B542140F23CDE2E400AD122F /* 05.png */,
				B542140B23CDE2E400AD122F /* 06.png */,
				B54213F723CDE29500AD122F /* AppDelegate.swift */,
				B54213F923CDE29500AD122F /* SceneDelegate.swift */,
				B54213FB23CDE29500AD122F /* ViewController.swift */,
				B54213FD23CDE29500AD122F /* Main.storyboard */,
				B542140023CDE29600AD122F /* Assets.xcassets */,
				B542140223CDE29600AD122F /* LaunchScreen.storyboard */,
				B542140523CDE29600AD122F /* Info.plist */,
			);
			path = PageControl;
			sourceTree = "<group>";
		};
/* End PBXGroup section */

/* Begin PBXNativeTarget section */
		B54213F323CDE29500AD122F /* PageControl */ = {
			isa = PBXNativeTarget;
			buildConfigurationList = B542140823CDE29600AD122F /* Build configuration list for PBXNativeTarget "PageControl" */;
			buildPhases = (
				B54213F023CDE29500AD122F /* Sources */,
				B54213F123CDE29500AD122F /* Frameworks */,
				B54213F223CDE29500AD122F /* Resources */,
			);
			buildRules = (
			);
			dependencies = (
			);
			name = PageControl;
			productName = PageControl;
			productReference = B54213F423CDE29500AD122F /* PageControl.app */;
			productType = "com.apple.product-type.application";
		};
/* End PBXNativeTarget section */

/* Begin PBXProject section */
		B54213EC23CDE29500AD122F /* Project object */ = {
			isa = PBXProject;
			attributes = {
				LastSwiftUpdateCheck = 1130;
				LastUpgradeCheck = 1130;
				ORGANIZATIONNAME = "서보경";
				TargetAttributes = {
					B54213F323CDE29500AD122F = {
						CreatedOnToolsVersion = 11.3;
					};
				};
			};
			buildConfigurationList = B54213EF23CDE29500AD122F /* Build configuration list for PBXProject "PageControl" */;
			compatibilityVersion = "Xcode 9.3";
			developmentRegion = en;
			hasScannedForEncodings = 0;
			knownRegions = (
				en,
				Base,
			);
			mainGroup = B54213EB23CDE29500AD122F;
			productRefGroup = B54213F523CDE29500AD122F /* Products */;
			projectDirPath = "";
			projectRoot = "";
			targets = (
				B54213F323CDE29500AD122F /* PageControl */,
			);
		};
/* End PBXProject section */

/* Begin PBXResourcesBuildPhase section */
		B54213F223CDE29500AD122F /* Resources */ = {
			isa = PBXResourcesBuildPhase;
			buildActionMask = 2147483647;
			files = (
				B542141623CDE2E400AD122F /* 01.png in Resources */,
				B542141223CDE2E400AD122F /* 03.png in Resources */,
				B542140423CDE29600AD122F /* LaunchScreen.storyboard in Resources */,
				B542140123CDE29600AD122F /* Assets.xcassets in Resources */,
				B54213FF23CDE29500AD122F /* Main.storyboard in Resources */,
				B542141423CDE2E400AD122F /* 04.png in Resources */,
				B542141123CDE2E400AD122F /* 06.png in Resources */,
				B542141523CDE2E400AD122F /* 05.png in Resources */,
				B542141323CDE2E400AD122F /* 02.png in Resources */,
			);
			runOnlyForDeploymentPostprocessing = 0;
		};
/* End PBXResourcesBuildPhase section */

/* Begin PBXSourcesBuildPhase section */
		B54213F023CDE29500AD122F /* Sources */ = {
			isa = PBXSourcesBuildPhase;
			buildActionMask = 2147483647;
			files = (
				B54213FC23CDE29500AD122F /* ViewController.swift in Sources */,
				B54213F823CDE29500AD122F /* AppDelegate.swift in Sources */,
				B54213FA23CDE29500AD122F /* SceneDelegate.swift in Sources */,
			);
			runOnlyForDeploymentPostprocessing = 0;
		};
/* End PBXSourcesBuildPhase section */

/* Begin PBXVariantGroup section */
		B54213FD23CDE29500AD122F /* Main.storyboard */ = {
			isa = PBXVariantGroup;
			children = (
				B54213FE23CDE29500AD122F /* Base */,
			);
			name = Main.storyboard;
			sourceTree = "<group>";
		};
		B542140223CDE29600AD122F /* LaunchScreen.storyboard */ = {
			isa = PBXVariantGroup;
			children = (
				B542140323CDE29600AD122F /* Base */,
			);
			name = LaunchScreen.storyboard;
			sourceTree = "<group>";
		};
/* End PBXVariantGroup section */

/* Begin XCBuildConfiguration section */
		B542140623CDE29600AD122F /* Debug */ = {
			isa = XCBuildConfiguration;
			buildSettings = {
				ALWAYS_SEARCH_USER_PATHS = NO;
				CLANG_ANALYZER_NONNULL = YES;
				CLANG_ANALYZER_NUMBER_OBJECT_CONVERSION = YES_AGGRESSIVE;
				CLANG_CXX_LANGUAGE_STANDARD = "gnu++14";
				CLANG_CXX_LIBRARY = "libc++";
				CLANG_ENABLE_MODULES = YES;
				CLANG_ENABLE_OBJC_ARC = YES;
				CLANG_ENABLE_OBJC_WEAK = YES;
				CLANG_WARN_BLOCK_CAPTURE_AUTORELEASING = YES;
				CLANG_WARN_BOOL_CONVERSION = YES;
				CLANG_WARN_COMMA = YES;
				CLANG_WARN_CONSTANT_CONVERSION = YES;
				CLANG_WARN_DEPRECATED_OBJC_IMPLEMENTATIONS = YES;
				CLANG_WARN_DIRECT_OBJC_ISA_USAGE = YES_ERROR;
				CLANG_WARN_DOCUMENTATION_COMMENTS = YES;
				CLANG_WARN_EMPTY_BODY = YES;
				CLANG_WARN_ENUM_CONVERSION = YES;
				CLANG_WARN_INFINITE_RECURSION = YES;
				CLANG_WARN_INT_CONVERSION = YES;
				CLANG_WARN_NON_LITERAL_NULL_CONVERSION = YES;
				CLANG_WARN_OBJC_IMPLICIT_RETAIN_SELF = YES;
				CLANG_WARN_OBJC_LITERAL_CONVERSION = YES;
				CLANG_WARN_OBJC_ROOT_CLASS = YES_ERROR;
				CLANG_WARN_RANGE_LOOP_ANALYSIS = YES;
				CLANG_WARN_STRICT_PROTOTYPES = YES;
				CLANG_WARN_SUSPICIOUS_MOVE = YES;
				CLANG_WARN_UNGUARDED_AVAILABILITY = YES_AGGRESSIVE;
				CLANG_WARN_UNREACHABLE_CODE = YES;
				CLANG_WARN__DUPLICATE_METHOD_MATCH = YES;
				COPY_PHASE_STRIP = NO;
				DEBUG_INFORMATION_FORMAT = dwarf;
				ENABLE_STRICT_OBJC_MSGSEND = YES;
				ENABLE_TESTABILITY = YES;
				GCC_C_LANGUAGE_STANDARD = gnu11;
				GCC_DYNAMIC_NO_PIC = NO;
				GCC_NO_COMMON_BLOCKS = YES;
				GCC_OPTIMIZATION_LEVEL = 0;
				GCC_PREPROCESSOR_DEFINITIONS = (
					"DEBUG=1",
					"$(inherited)",
				);
				GCC_WARN_64_TO_32_BIT_CONVERSION = YES;
				GCC_WARN_ABOUT_RETURN_TYPE = YES_ERROR;
				GCC_WARN_UNDECLARED_SELECTOR = YES;
				GCC_WARN_UNINITIALIZED_AUTOS = YES_AGGRESSIVE;
				GCC_WARN_UNUSED_FUNCTION = YES;
				GCC_WARN_UNUSED_VARIABLE = YES;
				IPHONEOS_DEPLOYMENT_TARGET = 13.2;
				MTL_ENABLE_DEBUG_INFO = INCLUDE_SOURCE;
				MTL_FAST_MATH = YES;
				ONLY_ACTIVE_ARCH = YES;
				SDKROOT = iphoneos;
				SWIFT_ACTIVE_COMPILATION_CONDITIONS = DEBUG;
				SWIFT_OPTIMIZATION_LEVEL = "-Onone";
			};
			name = Debug;
		};
		B542140723CDE29600AD122F /* Release */ = {
			isa = XCBuildConfiguration;
			buildSettings = {
				ALWAYS_SEARCH_USER_PATHS = NO;
				CLANG_ANALYZER_NONNULL = YES;
				CLANG_ANALYZER_NUMBER_OBJECT_CONVERSION = YES_AGGRESSIVE;
				CLANG_CXX_LANGUAGE_STANDARD = "gnu++14";
				CLANG_CXX_LIBRARY = "libc++";
				CLANG_ENABLE_MODULES = YES;
				CLANG_ENABLE_OBJC_ARC = YES;
				CLANG_ENABLE_OBJC_WEAK = YES;
				CLANG_WARN_BLOCK_CAPTURE_AUTORELEASING = YES;
				CLANG_WARN_BOOL_CONVERSION = YES;
				CLANG_WARN_COMMA = YES;
				CLANG_WARN_CONSTANT_CONVERSION = YES;
				CLANG_WARN_DEPRECATED_OBJC_IMPLEMENTATIONS = YES;
				CLANG_WARN_DIRECT_OBJC_ISA_USAGE = YES_ERROR;
				CLANG_WARN_DOCUMENTATION_COMMENTS = YES;
				CLANG_WARN_EMPTY_BODY = YES;
				CLANG_WARN_ENUM_CONVERSION = YES;
				CLANG_WARN_INFINITE_RECURSION = YES;
				CLANG_WARN_INT_CONVERSION = YES;
				CLANG_WARN_NON_LITERAL_NULL_CONVERSION = YES;
				CLANG_WARN_OBJC_IMPLICIT_RETAIN_SELF = YES;
				CLANG_WARN_OBJC_LITERAL_CONVERSION = YES;
				CLANG_WARN_OBJC_ROOT_CLASS = YES_ERROR;
				CLANG_WARN_RANGE_LOOP_ANALYSIS = YES;
				CLANG_WARN_STRICT_PROTOTYPES = YES;
				CLANG_WARN_SUSPICIOUS_MOVE = YES;
				CLANG_WARN_UNGUARDED_AVAILABILITY = YES_AGGRESSIVE;
				CLANG_WARN_UNREACHABLE_CODE = YES;
				CLANG_WARN__DUPLICATE_METHOD_MATCH = YES;
				COPY_PHASE_STRIP = NO;
				DEBUG_INFORMATION_FORMAT = "dwarf-with-dsym";
				ENABLE_NS_ASSERTIONS = NO;
				ENABLE_STRICT_OBJC_MSGSEND = YES;
				GCC_C_LANGUAGE_STANDARD = gnu11;
				GCC_NO_COMMON_BLOCKS = YES;
				GCC_WARN_64_TO_32_BIT_CONVERSION = YES;
				GCC_WARN_ABOUT_RETURN_TYPE = YES_ERROR;
				GCC_WARN_UNDECLARED_SELECTOR = YES;
				GCC_WARN_UNINITIALIZED_AUTOS = YES_AGGRESSIVE;
				GCC_WARN_UNUSED_FUNCTION = YES;
				GCC_WARN_UNUSED_VARIABLE = YES;
				IPHONEOS_DEPLOYMENT_TARGET = 13.2;
				MTL_ENABLE_DEBUG_INFO = NO;
				MTL_FAST_MATH = YES;
				SDKROOT = iphoneos;
				SWIFT_COMPILATION_MODE = wholemodule;
				SWIFT_OPTIMIZATION_LEVEL = "-O";
				VALIDATE_PRODUCT = YES;
			};
			name = Release;
		};
		B542140923CDE29600AD122F /* Debug */ = {
			isa = XCBuildConfiguration;
			buildSettings = {
				ASSETCATALOG_COMPILER_APPICON_NAME = AppIcon;
				CODE_SIGN_STYLE = Automatic;
				INFOPLIST_FILE = PageControl/Info.plist;
				LD_RUNPATH_SEARCH_PATHS = (
					"$(inherited)",
					"@executable_path/Frameworks",
				);
				PRODUCT_BUNDLE_IDENTIFIER = com.sbk.PageControl;
				PRODUCT_NAME = "$(TARGET_NAME)";
				SWIFT_VERSION = 5.0;
				TARGETED_DEVICE_FAMILY = "1,2";
			};
			name = Debug;
		};
		B542140A23CDE29600AD122F /* Release */ = {
			isa = XCBuildConfiguration;
			buildSettings = {
				ASSETCATALOG_COMPILER_APPICON_NAME = AppIcon;
				CODE_SIGN_STYLE = Automatic;
				INFOPLIST_FILE = PageControl/Info.plist;
				LD_RUNPATH_SEARCH_PATHS = (
					"$(inherited)",
					"@executable_path/Frameworks",
				);
				PRODUCT_BUNDLE_IDENTIFIER = com.sbk.PageControl;
				PRODUCT_NAME = "$(TARGET_NAME)";
				SWIFT_VERSION = 5.0;
				TARGETED_DEVICE_FAMILY = "1,2";
			};
			name = Release;
		};
/* End XCBuildConfiguration section */

/* Begin XCConfigurationList section */
		B54213EF23CDE29500AD122F /* Build configuration list for PBXProject "PageControl" */ = {
			isa = XCConfigurationList;
			buildConfigurations = (
				B542140623CDE29600AD122F /* Debug */,
				B542140723CDE29600AD122F /* Release */,
			);
			defaultConfigurationIsVisible = 0;
			defaultConfigurationName = Release;
		};
		B542140823CDE29600AD122F /* Build configuration list for PBXNativeTarget "PageControl" */ = {
			isa = XCConfigurationList;
			buildConfigurations = (
				B542140923CDE29600AD122F /* Debug */,
				B542140A23CDE29600AD122F /* Release */,
			);
			defaultConfigurationIsVisible = 0;
			defaultConfigurationName = Release;
		};
/* End XCConfigurationList section */
	};
	rootObject = B54213EC23CDE29500AD122F /* Project object */;
}
